
Microsoft Visual Studio Solution File, Format Version 11.00
# Visual Studio 2010
# SharpDevelop 5.1
Project("{FAE04EC0-301F-11D3-BF4B-00C04F79EFBC}") = "orphan_house", "orphan_house\orphan_house.csproj", "{5D93739B-EA7A-4AF3-A9DC-18CBCAFB1DCF}"
EndProject
Global
	GlobalSection(SolutionConfigurationPlatforms) = preSolution
		Debug|Any CPU = Debug|Any CPU
		Release|Any CPU = Release|Any CPU
	EndGlobalSection
	GlobalSection(ProjectConfigurationPlatforms) = postSolution
		{5D93739B-EA7A-4AF3-A9DC-18CBCAFB1DCF}.Debug|Any CPU.ActiveCfg = Debug|Any CPU
		{5D93739B-EA7A-4AF3-A9DC-18CBCAFB1DCF}.Debug|Any CPU.Build.0 = Debug|Any CPU
		{5D93739B-EA7A-4AF3-A9DC-18CBCAFB1DCF}.Release|Any CPU.ActiveCfg = Release|Any CPU
		{5D93739B-EA7A-4AF3-A9DC-18CBCAFB1DCF}.Release|Any CPU.Build.0 = Release|Any CPU
	EndGlobalSection
EndGlobal
